lockfileVersion: '9.0'

settings:
  autoInstallPeers: true
  excludeLinksFromLockfile: false

importers:

  .:
    devDependencies:
      gridstack:
        specifier: 12.6.0
        version: 12.6.0

packages:

  gridstack@12.6.0:
    resolution: {integrity: sha512-dUrqsormSybFn/2P4Dz8AgprftKD5e/IiV7UmC0XLQU+G+/WtkAeFiCSNLoAGhPDXoJ/O61Xtj3gljY/Ds83yQ==}

snapshots:

  gridstack@12.6.0: {}
